PODS:
  - Alamofire (5.5.0)
  - Core (1.0.4)
  - Realm (10.21.1):
    - Realm/Headers (= 10.21.1)
  - Realm/Headers (10.21.1)
  - RealmSwift (10.21.1):
    - Realm (= 10.21.1)
  - SDWebImage (5.12.2):
    - SDWebImage/Core (= 5.12.2)
  - SDWebImage/Core (5.12.2)
  - SDWebImageSwiftUI (2.0.2):
    - SDWebImage (~> 5.10)

DEPENDENCIES:
  - Alamofire (~> 5.5)
  - Core (from `https://github.com/dimspawn/The-Movie-Time-Core.git`)
  - RealmSwift (~> 10.20)
  - SDWebImageSwiftUI (~> 2.0)

SPEC REPOS:
  trunk:
    - Alamofire
    - Realm
    - RealmSwift
    - SDWebImage
    - SDWebImageSwiftUI

EXTERNAL SOURCES:
  Core:
    :git: https://github.com/dimspawn/The-Movie-Time-Core.git

CHECKOUT OPTIONS:
  Core:
    :commit: 8f85d58927f5d4beee4ef097fe2fe76da654f6ef
    :git: https://github.com/dimspawn/The-Movie-Time-Core.git

SPEC CHECKSUMS:
  Alamofire: 1c4fb5369c3fe93d2857c780d8bbe09f06f97e7c
  Core: c246cac4e3563b9ce0064373ccdbde509326ae95
  Realm: 44b41c3ae39e3ecfded71a04434bfde066c7b317
  RealmSwift: dbf9a4eb06e0c929d51c4ef2e8f951bca541feab
  SDWebImage: 240e5c12b592fb1268c1d03b8c90d90e8c2ffe82
  SDWebImageSwiftUI: 8a3923c95108312b03a599ec1498754af55a6819

PODFILE CHECKSUM: ceb360c59e4595ceea9b933e9627244f066c6968

COCOAPODS: 1.11.2
